
Microsoft Visual Studio Solution File, Format Version 12.00
# Visual Studio Version 16
VisualStudioVersion = 16.0.34601.136
MinimumVisualStudioVersion = 10.0.40219.1
Project("{8BC9CEB8-8B4A-11D0-8D11-00A0C91BC942}") = "SmartPtr", "SmartPtr\SmartPtr.vcxproj", "{B147EFE4-B968-4197-B16D-055CAA528C5F}"
EndProject
Global
	GlobalSection(SolutionConfigurationPlatforms) = preSolution
		Debug|x64 = Debug|x64
		Debug|x86 = Debug|x86
		Release|x64 = Release|x64
		Release|x86 = Release|x86
	EndGlobalSection
	GlobalSection(ProjectConfigurationPlatforms) = postSolution
		{B147EFE4-B968-4197-B16D-055CAA528C5F}.Debug|x64.ActiveCfg = Debug|x64
		{B147EFE4-B968-4197-B16D-055CAA528C5F}.Debug|x64.Build.0 = Debug|x64
		{B147EFE4-B968-4197-B16D-055CAA528C5F}.Debug|x86.ActiveCfg = Debug|Win32
		{B147EFE4-B968-4197-B16D-055CAA528C5F}.Debug|x86.Build.0 = Debug|Win32
		{B147EFE4-B968-4197-B16D-055CAA528C5F}.Release|x64.ActiveCfg = Release|x64
		{B147EFE4-B968-4197-B16D-055CAA528C5F}.Release|x64.Build.0 = Release|x64
		{B147EFE4-B968-4197-B16D-055CAA528C5F}.Release|x86.ActiveCfg = Release|Win32
		{B147EFE4-B968-4197-B16D-055CAA528C5F}.Release|x86.Build.0 = Release|Win32
	EndGlobalSection
	GlobalSection(SolutionProperties) = preSolution
		HideSolutionNode = FALSE
	EndGlobalSection
	GlobalSection(ExtensibilityGlobals) = postSolution
		SolutionGuid = {C0F89D6D-F684-4C9B-8CC9-279ACC735CCB}
	EndGlobalSection
EndGlobal
